{
    "_meta": {
        "hash": {
            "sha256": "2fca5e2910ea3203cb5e89c1dcf073c4095b7f9ee8516b9c30701d374a26dbae"
        },
        "pipfile-spec": 6,
        "requires": {
            "python_version": "2.7"
        },
        "sources": [
            {
                "name": "pypi",
                "url": "https://pypi.org/simple",
                "verify_ssl": true
            }
        ]
    },
    "default": {
        "backports-abc": {
            "hashes": [
                "sha256:033be54514a03e255df75c5aee8f9e672f663f93abb723444caec8fe43437bde",
                "sha256:52089f97fe7a9aa0d3277b220c1d730a85aefd64e1b2664696fe35317c5470a7"
            ],
            "index": "pypi",
            "version": "==0.5"
        },
        "backports.shutil-get-terminal-size": {
            "hashes": [
                "sha256:0975ba55054c15e346944b38956a4c9cbee9009391e41b86c68990effb8c1f64",
                "sha256:713e7a8228ae80341c70586d1cc0a8caa5207346927e23d09dcbcaf18eadec80"
            ],
            "markers": "python_version == '2.7'",
            "version": "==1.0.0"
        },
        "certifi": {
            "hashes": [
                "sha256:f4318671072f030a33c7ca6acaef720ddd50ff124d1388e50c1bda4cbd6d7010",
                "sha256:f7527ebf7461582ce95f7a9e03dd141ce810d40590834f4ec20cddd54234c10a"
            ],
            "index": "pypi",
            "version": "==2017.4.17"
        },
        "chardet": {
            "hashes": [
                "sha256:84ab92ed1c4d4f16916e05906b6b75a6c0fb5db821cc65e70cbd64a3e2a5eaae",
                "sha256:fc323ffcaeaed0e0a02bf4d117757b98aed530d9ed4531e3e15460124c106691"
            ],
            "index": "pypi",
            "version": "==3.0.4"
        },
        "colorama": {
            "hashes": [
                "sha256:463f8483208e921368c9f306094eb6f725c6ca42b0f97e313cb5d5512459feda",
                "sha256:48eb22f4f8461b1df5734a074b57042430fb06e1d61bd1e11b078c0fe6d7a1f1"
            ],
            "markers": "sys_platform == 'win32'",
            "version": "==0.3.9"
        },
        "decorator": {
            "hashes": [
                "sha256:7cb64d38cb8002971710c8899fbdfb859a23a364b7c99dab19d1f719c2ba16b5",
                "sha256:95a26b17806e284452bfd97fa20aa1e8cb4ee23542bda4dbac5e4562aa1642cd"
            ],
            "index": "pypi",
            "version": "==4.1.2"
        },
        "enum34": {
            "hashes": [
                "sha256:2d81cbbe0e73112bdfe6ef8576f2238f2ba27dd0d55752a776c41d38b7da2850",
                "sha256:644837f692e5f550741432dd3f223bbb9852018674981b1664e5dc339387588a",
                "sha256:6bd0f6ad48ec2aa117d3d141940d484deccda84d4fcd884f5c3d93c23ecd8c79",
                "sha256:8ad8c4783bf61ded74527bffb48ed9b54166685e4230386a9ed9b1279e2df5b1"
            ],
            "markers": "python_version == '2.7'",
            "version": "==1.1.6"
        },
        "idna": {
            "hashes": [
                "sha256:3cb5ce08046c4e3a560fc02f138d0ac63e00f8ce5901a56b32ec8b7994082aab",
                "sha256:cc19709fd6d0cbfed39ea875d29ba6d4e22c0cebc510a76d6302a28385e8bb70"
            ],
            "index": "pypi",
            "version": "==2.5"
        },
        "ipython": {
            "hashes": [
                "sha256:0a45d844d11bec910974ed4adf5de60d42dc34b60960f8cc2b857e2008fba550",
                "sha256:af2b1ca3e073b7230b975858c0f5fcc659aa25181335b40ab09b00bf91134d93",
                "sha256:afaa92343c20cf4296728161521d84f606d8817f963beaf7198e63dfede897fb"
            ],
            "index": "pypi",
            "version": "==5.4.1"
        },
        "ipython-genutils": {
            "hashes": [
                "sha256:72dd37233799e619666c9f639a9da83c34013a73e8bbc79a7a6348d93c61fab8",
                "sha256:eb2e116e75ecef9d4d228fdc66af54269afa26ab4463042e33785b887c628ba8"
            ],
            "version": "==0.2.0"
        },
        "mongoengine": {
            "hashes": [
                "sha256:003c103c0cc2959eb9aadd8356f46fed354a68b629cf8e50d412bb1417525fda",
                "sha256:2ae84677ce8bdd1a1b2884d637a4533e6a07a31a82243ef1a2faf22e354ec49d"
            ],
            "index": "pypi",
            "version": "==0.13.0"
        },
        "numexpr": {
            "hashes": [
                "sha256:034275449f92817d170bbc0660e4618c6eed431c599a36ed5959cbfca3683f74",
                "sha256:2a219fc58ca468f86d48cb1b471a1daa202f434eb3d9d1ba01938ab944ccfa48",
                "sha256:2ace3cb8d5b141df21f1fa67dfbaf790138f739f34341bf64cfb46a054cfcb61",
                "sha256:399120182cd33d018b2206327e5957fc20c1a6107db73985bd2c8ca1571cbca9",
                "sha256:3ba49c1a010ffb7307d8a4b213f6a4dfdf04ccdd67c158b5629453d754ccce57",
                "sha256:41bea277781d514ed913c2b3e9b5074aa379e75e94f7071c96ad9301c1909ae8",
                "sha256:59fb02feca82619050be0367299c3ae2bfb704e4f294f665ab744ba110dd1df3",
                "sha256:5d086f73da40b1a3dc7887e645b309a2c4cf9388a5e33fa3d11e1dc3d17a067e",
                "sha256:5d8f4ed9b88f9735303a72cf30be511f3fefd03068a36897910855b4fdc03ab6",
                "sha256:6b737d4971d3c8b7293a211eab3e044d28583532094e4dd438ae8b6e34d26361",
                "sha256:76e3c14d81c056fa9160fa0965838593df947df8cec54ff396309c03b4451e10",
                "sha256:7b58d0ab71c0e3057bd4bbe9099e23ebe839087046b0bf372032df1461fa3c23",
                "sha256:8494553ee6db694168226bc13714e65cade4d87ad9a0210e2064efa64fa32097",
                "sha256:8b846245e092ecc2cbf6bc71b95549bcb6fd746fd3d93cc9ac8627b4d7f61f92",
                "sha256:9f79d0f01a661451819f8f8b518e402878c226f8521e7cd0b903b7e1351a667e",
                "sha256:a53675d7febf91226f9f0e6eaa87845a5faf81a16d707b3d51701e22444c208e",
                "sha256:d5c20881cb2f460b7aa21525e994990114ed0c5e62f0ac9fbafa2a74ed7362db",
                "sha256:e1dc2c5cd9201e29cc7bb443caf61e284cbbef261edd56c394e5aa60dae83c2f",
                "sha256:e2c2be8f2a9bf3e8da460fa0502fcba63a2ae3721cd9445b40bda3aab01c2fe5",
                "sha256:e2e8b16f74aec96f33de9cada3ac982eb1fc41e88a50651f483ffda96c84e474",
                "sha256:f85dd6a89b98b47d4be2588f0d86f163fcf883bb901557518e03cb07ea1cdf09",
                "sha256:f8ad8014085628eab91bc82fb9d10cf9ab8e04ede4884e4a1061445d395b36bb",
                "sha256:f9932e7cf7b4faae77170b5658196c167369a00332e1d99a38e698d815ba3266"
            ],
            "version": "==2.6.5"
        },
        "numpy": {
            "hashes": [
                "sha256:02e6279d95081086469e6ed83c708c4c48ed03a28ab87c71bea28af3b95fa56d",
                "sha256:05a7a81397e1391ae34cc0d14764a31ab6f73dbd0abe0952b3550d3ad4df265d",
                "sha256:1400ec59c7f6c4f9390cc3bc5e56a6cbae2c30b39024eef317a0b52fe9c174c6",
                "sha256:1980c4bc1eb495624c8414f3763da83b91d37c3c69772ab6912e9a857a143cdb",
                "sha256:405c3dbb6a57415ec8576ff1c0248f332ac1c3be2e5eea04d498dad8431bf57b",
                "sha256:42b3cf886701bb16f3bdf2ae6c39af67b464cdd67d5fc86619ef2a876a23de27",
                "sha256:436d47018c3cd2b9723ed3cd4ed4698ea7641449c71096781478ef6a20ae3bd0",
                "sha256:43722270fbfb07d91558985a3da37aa92a2d4e2d271182526959a5773f9fb12a",
                "sha256:4b7da62ba159bfc5fee6f54709b0708686ee15081f16dc5f81cda7f1e0e77941",
                "sha256:73fd54d9787f4f8747f823a7e2d0693da94c66b670ccf436e4bb488bbcd5ce8c",
                "sha256:838e48df3703c8747f355cd6386e0680b906a2f7b2bbd304e8a2d531692484ce",
                "sha256:91a4f5c6594a61b57b0ab6031a084fa3686b1e847cc2215983e444583594b529",
                "sha256:94cb6ef9ffd15d7d904d0825ada642a51dc8890cdc06f1e4fb8e46cff79fe2ef",
                "sha256:9a8515002f143a5934f25ad2aacdfd1fcf57a7f5da6142c439eb8787ef65e8a6",
                "sha256:a09a4707066fe9431c6b79a1be922bc126f4bc50502ae7e9f67d40917d0cc6d4",
                "sha256:ab6abc2083013dd86a8fcba2ba16bab00690cb81db62588781d656572809c9a9",
                "sha256:b064211a4d86fc8009ef90c66d1443ba4a0c56d481659e085a190299569955e3",
                "sha256:b49caeb170e54cc59863017a199667a51526bd906bcd5ee340fcf0e01bd7fa94",
                "sha256:c1833829526ce8f5177a3e07554b6c98c194072f66f018839ecd1ef2d15e6c4a",
                "sha256:c9b0283776085cb2804efff73e9955ca279ba4edafd58d3ead70b61d209c4fbb",
                "sha256:d910a24f536f926bd56fb30d6f17ae8b89a1406e105087a49e014e000b00e8db",
                "sha256:ed6a909a78e29a4056e30f918a26b231e33edc77bd785bbceb461877baf9feb5",
                "sha256:f4b4b2da8c1b4f7c212742d2be03aa9277d46fd7b309025d930ad554e5739932"
            ],
            "index": "pypi",
            "version": "==1.13.1"
        },
        "olefile": {
            "hashes": [
                "sha256:61f2ca0cd0aa77279eb943c07f607438edf374096b66332fae1ee64a6f0f73ad"
            ],
            "index": "pypi",
            "version": "==0.44"
        },
        "pandas": {
            "hashes": [
                "sha256:0811ede1b9b338169803e04e665f8127283995223d296a2e61eca99d14f0a9a7",
                "sha256:09ab1d66f6db0e6bb74c15813fcfbd6f0f2a7a78c8824d56e285360833cd225c",
                "sha256:19eff29057c05e498e66b6c373860db0520adf2601647c7147022861a5be7dac",
                "sha256:25219ad2b5a203bfd6f84ab179594536eb00ef91b0c6615715450788f2306c80",
                "sha256:2595f720809a494c36e42d778bcb4bcc5aca4afd6a2dc783b927b73e1f7351ed",
                "sha256:26e9a0f4299f39816b469c83b2f3a04dcaa2727bde93469959ba63574f16e15a",
                "sha256:353608eeeac4d6666390998dd37689ba26920ec08c007fbe46fef98a4be5224b",
                "sha256:39732ac0ca2963eb78da570c16fb9dbf5c7f84409974ca15f32876091cb533a2",
                "sha256:39fda572ec544836bdc913b36f6efdbd453116c6fea8df24764cf10d86ba0ad6",
                "sha256:58b56065ac2298cdc6d12c69a34dc0d2315bb3827ca014a227b7412c5ee4204f",
                "sha256:6ea455587b3b2a73288f00476a5b20862052d69d287cda7aadff570a48972cbf",
                "sha256:70463d4e04a39fb530461a1e50c6068b14b668ccf756f5111599198e3db47cb8",
                "sha256:908e09bf7951162aa639a8414d511e2b7774922c6e14fb8af2ed67e5767b867b",
                "sha256:9677e26f40050c2262391df02674ae277d1cf137986b6611de4b4c86ddc62c08",
                "sha256:a53ab088ab3848a4140476e438e4ba41054f802ef432a188c5d849e41c7b2a9c",
                "sha256:a777e07633d83d546c55706420179551c8e01075b53c497dcf8ae4036766bc66",
                "sha256:aebedc41d9ffd5da31b28aa6d32c70a904432d0259eee4ff0da494395d7e4ed6",
                "sha256:bac73f33a578ee40cc96b7512bf8596cdc534892336e0cf4f8dde80eed7c916d",
                "sha256:cbaa99186712e697cb4775c625e7924cf17200a01bad441e6135c3a932f51d11",
                "sha256:d0e85e1d8c46758ab6a07467438b6a625e60532c5aab46b6bc570a3b8243c697",
                "sha256:d8635f161aadd23262ab94e0c2962dd6c727505a3c7e987e33f0172ab40a2f3a",
                "sha256:d8b636ee0a992551b5bfe5bb8518db3e56301ce21394993668c72fe2f23efaf0",
                "sha256:eea812e11da3f53fce9f8474a3ab42124e0ae4a359d9d1677d676cb3dfacb217",
                "sha256:fcc312dd529c91e0fdc074cb466367e856ee337f727aa739a77df49f647c8011"
            ],
            "index": "pypi",
            "version": "==0.20.3"
        },
        "pathlib2": {
            "hashes": [
                "sha256:8eb170f8d0d61825e09a95b38be068299ddeda82f35e96c3301a8a5e7604cb83",
                "sha256:d1aa2a11ba7b8f7b21ab852b1fb5afb277e1bb99d5dfc663380b5015c0d80c5a"
            ],
            "markers": "python_version in '2.6 2.7 3.2 3.3'",
            "version": "==2.3.2"
        },
        "pickleshare": {
            "hashes": [
                "sha256:84a9257227dfdd6fe1b4be1319096c20eb85ff1e82c7932f36efccfe1b09737b",
                "sha256:c9a2541f25aeabc070f12f452e1f2a8eae2abd51e1cd19e8430402bdf4c1d8b5"
            ],
            "version": "==0.7.4"
        },
        "pillow": {
            "hashes": [
                "sha256:19d1cc97bad8ace5d601f0a52680d9f9228b5a326ac4f710da931179681f2099",
                "sha256:1abe01535e3afab9360a81e7cd2ed33379a60a96c944b153a82235b7cef71fdb",
                "sha256:1cd69367c8f758692d619145bdafbdce5d9076e997d0280c1cc5093159406036",
                "sha256:20a3c42e67af2d7cebf4c71b27efe30dd4621e135e9457abc80d0117631883d3",
                "sha256:2136371b355be76e9d0360b1d16d87d303bcaa59b5107ee061cdc8f71b7c8e0f",
                "sha256:24e8bef1269598ef8f1f418575b12a15bb1a019ea177ad9445b197b8f209a7c8",
                "sha256:26861f6549e6d2133ca2d2db58e16459d8ac83e71616722e07ab267f7c010c15",
                "sha256:3c7274c0f2468c30c1698e1ccd19d7a6df32a4aa98fddf5b886c8e870c4b82fb",
                "sha256:3f265e43a0a93d2273138b5b2290d09927c253c49a166888ac15eda1a166e38a",
                "sha256:460702ebd8b025d949520c346e7a42cc830a453af30bbb7f50273e42c88615f0",
                "sha256:471f9e5b18277aa305c7024064ef0c9064bf8b819d46caac83bfae034ca90c03",
                "sha256:4757ad2eee627dca861289291512e66292ce535c2bc79210321c440381cf0901",
                "sha256:4be38c9ad2915e72579140d4fa3b79cccde29e8abe61ec2f8075d7a4f36b38df",
                "sha256:5b90cb8261a869353256f027daf8a5615e9e441980399808a25b7236a9c57098",
                "sha256:5bf88e8144a9ad520a452a34adbf4dd92cbbcb9899c2e4f4b387957966291f21",
                "sha256:5e46edde8f40c64ff497dd8cca959f38007e85acd5158252d68c8a0798fc2776",
                "sha256:6d3e1f98dfcba332000441f465ec585e7c834aa648e4a83f73ec1b807083a756",
                "sha256:7835c575bf744b2a6e5d48c480a37662b0ca247e9e54b217f6815fe57d6c5f9d",
                "sha256:795d41c6b6920907650ae1936e1e0b305ad5f4088deb9c3e9079d59fe60dbf4b",
                "sha256:7ff60c2ca880715fa9b36315932d9ff5838d05ebf2ea2b06c48a09c33be94684",
                "sha256:8197f06f2741310820d7a05add26418aee8e8f353bf6665a12ba9ad89a965a1d",
                "sha256:8218acb51e20ac2cbdc1358be48cbab72e36ebd47f2ba7367542296ef13470ea",
                "sha256:8fd9376fcce33902851642d013101a7e2f7b5d3e05bd98b960b62f1be72d7a65",
                "sha256:902d826f1f78f9d556c85bdfb776758eeabd28c9cf7a23dffd02a66678bd48d1",
                "sha256:99162bcec9d7d133da161d03b3423490418babf72be5dccd752852f409d00804",
                "sha256:a0d7888a64a9ab8c88410d2c235fb4685564dd07ec81a4b80b380d645f124f4d",
                "sha256:a168145bb95d3cedf7831eab05aa9ae2756a2ce900c281d281f76e64358caa09",
                "sha256:a1ba195e4f07e94c1c44cd651070b2b7d8328ef1bdccbee15549e684016df337",
                "sha256:a46df9776718170694dc20afc001baf6284506db8d150f54c089fabe82933b24",
                "sha256:a810b66a14500e203da8299b0e93c157b283a8baf81a9a631487d1b6890fb09f",
                "sha256:b818331ade410c660f754b489fd1bc5ff03b65d211746d1fa8537d60349eee75",
                "sha256:b8f8f50e2f1d85adec833607fed1f210962068e7807c62f266f3e53a0d81ac87",
                "sha256:bec34b7a66edc4ff92e5aed912cb4ebad6fe14e8a579f19ddcd8b352d76360a1",
                "sha256:c5fea3cf941e930df70b7e2fed65a411b80b674e1c71b8ae1ce84aba45e18d71",
                "sha256:c70b629025dc753b59c11b5f14d5522ef94dddd31a8fb03c449e8adfabdf482d",
                "sha256:c724f65870e545316f9e82e4c6d608ab5aa9dd82d5185e5b2e72119378740073",
                "sha256:c7ba8b42923c1b5e72fe3b0aa792de8ffc13c5a3d4df8e88f06959d0835fea8e",
                "sha256:c9441bcd6c6830f48d949bf0367ba2ee97b9f152a152378c5b4aa4183884c205",
                "sha256:caad21c655bf4627bcd4db8e48c6a965ea428339ab43ac3e41af9fbc58e8bde7",
                "sha256:d24423abff2c32f68e53371bbab2e3f1c7383138b04bfdae2291dfbbe7aeddf4",
                "sha256:d6ee5856903740f3f6878f7d9df3717a539cb2687e9205d7005399250f5de14f",
                "sha256:d95e55d237a7dfe422ac47e1b384eec2b306d06adb0f19486c08d760e5a6eb63",
                "sha256:e07f388cf345b002853eabb720c234b281119cf4c2677d7e0b9ec4d8f9a18fbd",
                "sha256:f3b444e683f269b9ca64c0c313ed140b3c3ff65280597b788815227423e0abfd",
                "sha256:fcb44ce29eaa1ea4c98d9b8e50544b521b794be1b746d6a457a26a07dfb01ef2",
                "sha256:fd2648a3bfd95a2a06625c03852523bb6eec6b9fde6a647b989c73719a099cc4",
                "sha256:fdc3bebc9d02632dadfdffabb442518e6f56df9fbb7b12eb7192e45982ee5531"
            ],
            "index": "pypi",
            "version": "==4.2.1"
        },
        "prompt-toolkit": {
            "hashes": [
                "sha256:1df952620eccb399c53ebb359cc7d9a8d3a9538cb34c5a1344bdbeb29fbcc381",
                "sha256:3f473ae040ddaa52b52f97f6b4a493cfa9f5920c255a12dc56a7d34397a398a4",
                "sha256:858588f1983ca497f1cf4ffde01d978a3ea02b01c8a26a8bbc5cd2e66d816917"
            ],
            "version": "==1.0.15"
        },
        "pygments": {
            "hashes": [
                "sha256:78f3f434bcc5d6ee09020f92ba487f95ba50f1e3ef83ae96b9d5ffa1bab25c5d",
                "sha256:dbae1046def0efb574852fab9e90209b23f556367b5a320c0bcb871c77c3e8cc"
            ],
            "version": "==2.2.0"
        },
        "pymongo": {
            "hashes": [
                "sha256:02eb94efceafba03f0b55a77b82f0e11ea6f5e636262fb4bb51419d54630c969",
                "sha256:07105b57bb185db0631076e1d2bf005c442270d098e491ccfb4a98efa3f2c9cc",
                "sha256:1332ae0a8f91d878d5555afa0f8cbe72d9c0d24d5be0de18a263e0fdac66f6b0",
                "sha256:13502d4e46905934c5b66331710bda1bee392bb6be024f77b0e37df59ff1e887",
                "sha256:242c0c1c2a9307d7a6579d32bc86a17c534eaf50fa486c02724c463e6c9128b8",
                "sha256:2d099d66912983d2099c816c12d72adc15a703c3655af53eadefb5f2e39648fc",
                "sha256:31dd07b2bfeb083fb0c24da3b1fd1c807ddc30c3fc23e40c5624932a694d211d",
                "sha256:3223bbe13b723f9e5ede7d69535b6aee795ac802dfd881d6e2f29dce3432f5b0",
                "sha256:34033f2fc3b7910e846af5bc7b973546615fe5cb02cba606a058b5730818baad",
                "sha256:3c9c23d589d6fd5736fe4779377356c6e77826a5d56b25d8d90b372f682fe101",
                "sha256:3ca957f8570f66dc196664637523b22a2cea27a7d2a08ca1f0acc74a074177b4",
                "sha256:498d4a481ea2fb47a48ccbf201a5102f30c2eca2e715f1b4351289c691a2bfca",
                "sha256:5398ae1a5d7f0dd0cc4f28246f14abac7f5082c9d6fd0fa28f32881cd6d696ee",
                "sha256:5a3729466eb9d834b4e5f24a9a39108800b66b0a703da8f52eb69ff0583744c3",
                "sha256:5c41bd8be1643e7c99412f1d7cd061d1436288307ac398378c4ef6b868bf2798",
                "sha256:5ffffa7c4d595138e86a9c499ddb962edcbdcd80a3138a7b81a36947f1b815e6",
                "sha256:6160bd5ed5a32a412dfdc1a11d283446752e0b28b0a606e0e3bc4bc9f88cc90f",
                "sha256:6cc73df41330be908c962dafceb1cd8d7155ccb3899c3708d0cf11ae31e7610b",
                "sha256:75a0874506333c92b27edd9666fe9292b39d256eb2eb80091335ca80c2828b57",
                "sha256:761f05a63996279a25af2befd731e9678c56446620e88d693f28d6d5c6de9af9",
                "sha256:775443cebf95614165c5c9bb96fd0ceba8f8199379a843ecd5c71934bf897d83",
                "sha256:7f763dc651c4974f963bb15bc67771975a0703f0f14c5f332cc171921d2de1c9",
                "sha256:835a881111f2c403cfa9aa0a591257414e821efc89be607a8065c3fc23cf013a",
                "sha256:86beb4be0ffca122026637fe09edb69b6bb81c579c266fc5b671f2a4591bf4a6",
                "sha256:8e0b5366f08875e6dfd4acf587c49eb813e8149106701f40dcca3ccfb14c1f5d",
                "sha256:8ee9ba58e15a5f73adf0408364ad91f076a8690419e3268a5abbc4f901e45fa9",
                "sha256:8fd487505b60b5c77efcde6f33cd5c7c82fe24344d27ffc2ae3b1f514d74dfee",
                "sha256:9568d2b3f2e0bbfb5206a381203145f4055394b893ff4e074f6ea0480deee9c1",
                "sha256:96dcfc4ac28a70ec3d85b809cc15e2aca845f592348407a438b4f287d644c76c",
                "sha256:97b989555b286dd8733cd44f3e6c3adc6a6d082a8b8b24c200ca943fe8b41d99",
                "sha256:99b97edc8d7edbc7a9b3ba6ac4d158781c0b926eebe50ad2979000a04c240120",
                "sha256:9b7ae4ff7517960d311f577319ddac3c9fcf91fdf7c024a764e30b1578c0a9a5",
                "sha256:9fcf265d83d84d9b82f8537843bde02e4553321d53b06fe00767b9ebb76f63fd",
                "sha256:a0a21767c782afedf55d1261d92b95aa70428ee70ea8dde4bc746d51ac9b5e0e",
                "sha256:a273fa0dc2ddeaa525e73bbee7b980eb39ee016c7bee54661bb2f7d441b54692",
                "sha256:aafe6b85cb06511e97cda18c83d6377b9890e04b9808d44e31e132e1314c1c22",
                "sha256:af82605e4d052c9d4aa2aff473eea0c8a10afdf2a1098f23793298e9072724e6",
                "sha256:b37369901832ef5a66e236c031ba75a1de27e9316c4d5b8157e236b513f1f50c",
                "sha256:c59d1e9a7590f79afc18f6445a38233231de7321b95bf5a50f0caa82af5db19f",
                "sha256:c80d29b576779d8fa715fa2cacce496712ca4928e14db99c08577eb9463ef24e",
                "sha256:d359349c6c9ff9f482805f89e66e476846317dc7b1eea979d7da9c0857ee2721",
                "sha256:d35d430c02149a1be51e04232e4c3430b56e093a7f8537bc062dfbc1d16c59ba",
                "sha256:ddc867ebd4a094a921828e0604b095391ef1d6f74474374447f06437b6e508d0",
                "sha256:deb09ff6837e7d701e5896422bf6f3934092ead977fd68616dccab5aa43ba089",
                "sha256:e10e103c5631958e0f29c560bd446e4332948a364912227bc30f421ed1d6ab99",
                "sha256:e81a9368ec89e2218a790085b87e31d2c6dba0d549bf0d6ddfcac86aa9c90a11",
                "sha256:ed4120c40a17d1b9e1620b2b64a748333882fe7ab8d117bcb55768f6fd3343b1",
                "sha256:f6bed3a53bdaba9b5cdcd7e83749b1c91918736643e90593751abb3df7144b8c",
                "sha256:f8ef51d2004164d51633916c6b8343a6ff19688cf7eae0512cb4e09eced4a671"
            ],
            "index": "pypi",
            "version": "==3.4.0"
        },
        "python-dateutil": {
            "hashes": [
                "sha256:891c38b2a02f5bb1be3e4793866c8df49c7d19baabf9c1bad62547e0b4866aca",
                "sha256:95511bae634d69bc7329ba55e646499a842bc4ec342ad54a8cdb65645a0aad3c"
            ],
            "index": "pypi",
            "version": "==2.6.1"
        },
        "python-memcached": {
            "hashes": [
                "sha256:2775829cb54b9e4c5b3bbd8028680f0c0ab695db154b9c46f0f074ff97540eb6"
            ],
            "index": "pypi",
            "version": "==1.58"
        },
        "pytz": {
            "hashes": [
                "sha256:03c9962afe00e503e2d96abab4e8998a0f84d4230fa57afe1e0528473698cdd9",
                "sha256:39504670abb5dae77f56f8eb63823937ce727d7cdd0088e6909e6dcac0f89043",
                "sha256:43f52d4c6a0be301d53ebd867de05e2926c35728b3260157d274635a0a947f1c",
                "sha256:487e7d50710661116325747a9cd1744d3323f8e49748e287bc9e659060ec6bf9",
                "sha256:54a935085f7bf101f86b2aff75bd9672b435f51c3339db2ff616e66845f2b8f9",
                "sha256:c883c2d6670042c7bc1688645cac73dd2b03193d1f7a6847b6154e96890be06d",
                "sha256:d1d6729c85acea5423671382868627129432fba9a89ecbb248d8d1c7a9f01c67",
                "sha256:ddc93b6d41cfb81266a27d23a79e13805d4a5521032b512643af8729041a81b4",
                "sha256:f5c056e8f62d45ba8215e5cb8f50dfccb198b4b9fbea8500674f3443e4689589"
            ],
            "index": "pypi",
            "version": "==2017.2"
        },
        "qrcode": {
            "hashes": [
                "sha256:4115ccee832620df16b659d4653568331015c718a754855caf5930805d76924e",
                "sha256:60222a612b83231ed99e6cb36e55311227c395d0d0f62e41bb51ebbb84a9a22b"
            ],
            "index": "pypi",
            "version": "==5.3"
        },
        "redis": {
            "hashes": [
                "sha256:5dfbae6acfc54edf0a7a415b99e0b21c0a3c27a7f787b292eea727b1facc5533",
                "sha256:97156b37d7cda4e7d8658be1148c983984e1a975090ba458cc7e244025191dbd"
            ],
            "index": "pypi",
            "version": "==2.10.5"
        },
        "requests": {
            "hashes": [
                "sha256:6afd3371c1f4c1970497cdcace5c5ecbbe58267bf05ca1abd93d99d170803ab7",
                "sha256:c6f3bdf4a4323ac7b45d01e04a6f6c20e32a052cd04de81e05103abc049ad9b9"
            ],
            "index": "pypi",
            "version": "==2.18.1"
        },
        "scandir": {
            "hashes": [
                "sha256:24f32112c483ac6c4a40b62f1282e61ecca7977153b66a0d26a9583a716dcb64",
                "sha256:6c80092f8fe3e62c3da3110067589c6661c722b0889906d2974e5150f1314523",
                "sha256:7729b8444c5f5187649ff58501e7c2ad22b84d7dc28f738f64c5b615913fec22",
                "sha256:8e3ca5925cc13787aeafbf08f055a8066c091fc20bfa8783235b916cf047afbe",
                "sha256:96dfc553f50946deb6d1cd762bac5cf122832c4aa253c885ca357ef53dd8d072",
                "sha256:b2d55be869c4f716084a19b1e16932f0769711316ba62de941320bf2be84763d",
                "sha256:b55a091b91f9e6c9c7129889b2f58df329530172a99172de9e784545342a45e6",
                "sha256:b6cb611a18a828146a178362a36a2c6557c51c596ded4314cb516dd8c947b4ce",
                "sha256:d985e36eb3effebb20434e6cd7495440b4ba676a22f3ec61e9fff9f3e2995238",
                "sha256:f39dd5affde2860fb28176d2233f318ccca97c55019407ee8172b3fba0b211db",
                "sha256:f91418e82edb5a43b020fa15e30a41d730b71c5957536749366bf63cc05427b1"
            ],
            "markers": "python_version < '3.5'",
            "version": "==1.7"
        },
        "simplegeneric": {
            "hashes": [
                "sha256:dc972e06094b9af5b855b3df4a646395e43d1c9d0d39ed345b7393560d0b9173"
            ],
            "version": "==0.8.1"
        },
        "singledispatch": {
            "hashes": [
                "sha256:5b06af87df13818d14f08a028e42f566640aef80805c3b50c5056b086e3c2b9c",
                "sha256:833b46966687b3de7f438c761ac475213e53b306740f1abfaa86e1d1aae56aa8"
            ],
            "index": "pypi",
            "version": "==3.4.0.3"
        },
        "six": {
            "hashes": [
                "sha256:0ff78c403d9bccf5a425a6d31a12aa6b47f1c21ca4dc2573a7e2f32a97335eb1",
                "sha256:105f8d68616f8248e24bf0e9372ef04d3cc10104f1980f54d57b2ce73a5ad56a"
            ],
            "index": "pypi",
            "version": "==1.10.0"
        },
        "tables": {
            "hashes": [
                "sha256:01a9324e15b4ca65fe5a70d9ba9fadca27f0063f94afb37466c463c3cf10d1d9",
                "sha256:0f0973e17130fc72b3db2ed1e1c9d9be3bf516eed5e0df787bde0379d11d58a9",
                "sha256:14a11a87659e19dbed2aaca2fc3fe5003ec67cf009cd2d450edf9d7568510777",
                "sha256:1af371d02344f6704bc4d2e3229be5e41ae60f24226a212d261035b48272c936",
                "sha256:1d8f123df4bd9528b854a27803fa8a97d16e6d61fd4519c86e2559815defa4dc",
                "sha256:30e48c32a0871527811feb3fc3bc185fcde13e230ca75812d07a6d7dcaa14838",
                "sha256:44e6aafdf2cce17724d5d02692ca5bb34b8cfd2c77224d464fc45c71e5e33d60",
                "sha256:4ca056bedb1d14c68e715e683d3b5f905efbd59b638611b68a24cacfab69fca8",
                "sha256:59e8a9191788cdda321bd508dbe787b7484cf669d2d78af892f579929e467397",
                "sha256:5b4dda142f51d44e67c9183233d1d5381e32b18f87ebe50f60fa3a82b72417dd",
                "sha256:5e050dd1ac4781da43ceac55a88210489b502dae1ccad08df6ad1de778d51b8e",
                "sha256:64f2a06a6ab308c12885e1ffcdb9127e2d2a5c7b4573c0bc63b707fdfc36aaa8",
                "sha256:6671dc33324a07f4497695c7c8767544c01fd20bc275b47f9f343de4a0c26219",
                "sha256:682cae72232557be68f79449e55d893d478b93e59de97763d8e596d26276027f",
                "sha256:716c1eb08e2f999a7c262c289107c773dec8cb2b39d59cb43aa74fe75a6139d8",
                "sha256:750a80d627a2a36a5b02a3bb319bae3c8d11fb25177ea05223392c50825782e5",
                "sha256:7999f13283cea8e29a88390478ea8355b440b48ec21ca302469a88426e5bb165",
                "sha256:866f4a21a04e624f29ee9a51101f0a2d8979c3a03db520318b9eef6127f013ab",
                "sha256:88dfafaaa6e8a1f3b0b72bb0c909501cddfd66df6e7abb7c1cb73cf5bd1e305d",
                "sha256:949b841718c3efeb73ffc4931e7b0431014669a9799f958504cfc78f9251b763",
                "sha256:aad6bfaddf6345bc607e9757b5e4da843b9b71f345d7b37d582fbf766b830e69",
                "sha256:bfa3a013b60465f61c600874907cedecc3199e13e92c2cc14da87615eaf50ff3",
                "sha256:c7a3c908298178c756e704af0530e5536ea0a8097326dcb7cb40196c8f44afde",
                "sha256:d5833b63dda0f8f74f986dc09d8542749ea23228a1cc43ad781d78953e063c66",
                "sha256:e7fece81964b1b8c9a492a9b9436a68d4c38aa203dfd0206f40c90a7995f543b",
                "sha256:fdbbea4edb6bad0ac0e53fc7bc6970e78e12eef4944aa4146bcdcb573201676c"
            ],
            "index": "pypi",
            "version": "==3.4.2"
        },
        "tornado": {
            "hashes": [
                "sha256:0a6894559e62a186d6cc20f1c0e7318f83ae8e28922d75c4b6f83d42cc91d8b1",
                "sha256:2b4618010625bcf01f187eec3148c6a3db76a2a900f7dde416330fc413274df1",
                "sha256:c3f4456f0ab9e62dab7ede834dcf4c89082238e97b3e67a9196572c076e716aa",
                "sha256:db0904a28253cfe53e7dedc765c71596f3c53bb8a866ae50123320ec1a7b73fd",
                "sha256:fb0883ae46da958d06fda2e3be6c033825a0b8603c493df8a69c0237055308d9"
            ],
            "index": "pypi",
            "version": "==4.5.1"
        },
        "traitlets": {
            "hashes": [
                "sha256:9c4bd2d267b7153df9152698efb1050a5d84982d3384a37b2c1f7723ba3e7835",
                "sha256:c6cb5e6f57c5a9bdaa40fa71ce7b4af30298fbab9ece9815b5d995ab6217c7d9"
            ],
            "version": "==4.3.2"
        },
        "urllib3": {
            "hashes": [
                "sha256:8ed6d5c1ff9d6ba84677310060d6a3a78ca3072ce0684cb3c645023009c114b1",
                "sha256:b14486978518ca0901a76ba973d7821047409d7f726f22156b24e83fd71382a5"
            ],
            "index": "pypi",
            "version": "==1.21.1"
        },
        "wcwidth": {
            "hashes": [
                "sha256:3df37372226d6e63e1b1e1eda15c594bca98a22d33a23832a90998faa96bc65e",
                "sha256:f4ebe71925af7b40a864553f761ed559b43544f8f71746c2d756c7fe788ade7c"
            ],
            "version": "==0.1.7"
        },
        "win-unicode-console": {
            "hashes": [
                "sha256:d4142d4d56d46f449d6f00536a73625a871cba040f0bc1a2e305a04578f07d1e"
            ],
            "markers": "sys_platform == 'win32' and python_version < '3.6'",
            "version": "==0.5"
        },
        "xlrd": {
            "hashes": [
                "sha256:05f55eb39a68f1c3d336de186aeb90c98ea5add722813738d8ae8b97819c5924",
                "sha256:0ff87dd5d50425084f7219cb6f86bb3eb5aa29063f53d50bf270ed007e941069"
            ],
            "index": "pypi",
            "version": "==1.0.0"
        },
        "xlwt": {
            "hashes": [
                "sha256:505669c1eb6a60823fd3e2e723b60eea95f2c56254113bf163091ed2bedb4ac9",
                "sha256:dcf30c4337e4231437967f7f2cc9ce3f3a57914c1170102124a90037b1de43ce"
            ],
            "index": "pypi",
            "version": "==1.2.0"
        }
    },
    "develop": {}
}
